
Microsoft Visual Studio Solution File, Format Version 12.00
# Visual Studio Version 17
VisualStudioVersion = 17.4.33205.214
MinimumVisualStudioVersion = 10.0.40219.1
Project("{FAE04EC0-301F-11D3-BF4B-00C04F79EFBC}") = "CRUD-string-carrinho", "CRUD-string-carrinho\CRUD-string-carrinho.csproj", "{79F85BA8-31F9-41E3-85D1-48A039DB6C6C}"
EndProject
Global
	GlobalSection(SolutionConfigurationPlatforms) = preSolution
		Debug|Any CPU = Debug|Any CPU
		Release|Any CPU = Release|Any CPU
	EndGlobalSection
	GlobalSection(ProjectConfigurationPlatforms) = postSolution
		{79F85BA8-31F9-41E3-85D1-48A039DB6C6C}.Debug|Any CPU.ActiveCfg = Debug|Any CPU
		{79F85BA8-31F9-41E3-85D1-48A039DB6C6C}.Debug|Any CPU.Build.0 = Debug|Any CPU
		{79F85BA8-31F9-41E3-85D1-48A039DB6C6C}.Release|Any CPU.ActiveCfg = Release|Any CPU
		{79F85BA8-31F9-41E3-85D1-48A039DB6C6C}.Release|Any CPU.Build.0 = Release|Any CPU
	EndGlobalSection
	GlobalSection(SolutionProperties) = preSolution
		HideSolutionNode = FALSE
	EndGlobalSection
	GlobalSection(ExtensibilityGlobals) = postSolution
		SolutionGuid = {8AA53447-F193-4E92-973A-A0FDBF33D11E}
	EndGlobalSection
EndGlobal
