
Microsoft Visual Studio Solution File, Format Version 12.00
# Visual Studio Version 17
VisualStudioVersion = 17.4.33205.214
MinimumVisualStudioVersion = 10.0.40219.1
Project("{FAE04EC0-301F-11D3-BF4B-00C04F79EFBC}") = "DelElemArray", "DelElemArray\DelElemArray.csproj", "{0AAB96C6-20D9-437E-9C8A-DDBF1FD8EE5D}"
EndProject
Global
	GlobalSection(SolutionConfigurationPlatforms) = preSolution
		Debug|Any CPU = Debug|Any CPU
		Release|Any CPU = Release|Any CPU
	EndGlobalSection
	GlobalSection(ProjectConfigurationPlatforms) = postSolution
		{0AAB96C6-20D9-437E-9C8A-DDBF1FD8EE5D}.Debug|Any CPU.ActiveCfg = Debug|Any CPU
		{0AAB96C6-20D9-437E-9C8A-DDBF1FD8EE5D}.Debug|Any CPU.Build.0 = Debug|Any CPU
		{0AAB96C6-20D9-437E-9C8A-DDBF1FD8EE5D}.Release|Any CPU.ActiveCfg = Release|Any CPU
		{0AAB96C6-20D9-437E-9C8A-DDBF1FD8EE5D}.Release|Any CPU.Build.0 = Release|Any CPU
	EndGlobalSection
	GlobalSection(SolutionProperties) = preSolution
		HideSolutionNode = FALSE
	EndGlobalSection
	GlobalSection(ExtensibilityGlobals) = postSolution
		SolutionGuid = {CF1B26FE-B334-4D1B-9DBC-B66C334B9BA2}
	EndGlobalSection
EndGlobal
