
Microsoft Visual Studio Solution File, Format Version 12.00
# Visual Studio Version 17
VisualStudioVersion = 17.4.33205.214
MinimumVisualStudioVersion = 10.0.40219.1
Project("{FAE04EC0-301F-11D3-BF4B-00C04F79EFBC}") = "atributos-props-metodos", "atributos-props-metodos\atributos-props-metodos.csproj", "{DC7C2E15-02AA-4510-982A-82EACB270B4F}"
EndProject
Global
	GlobalSection(SolutionConfigurationPlatforms) = preSolution
		Debug|Any CPU = Debug|Any CPU
		Release|Any CPU = Release|Any CPU
	EndGlobalSection
	GlobalSection(ProjectConfigurationPlatforms) = postSolution
		{DC7C2E15-02AA-4510-982A-82EACB270B4F}.Debug|Any CPU.ActiveCfg = Debug|Any CPU
		{DC7C2E15-02AA-4510-982A-82EACB270B4F}.Debug|Any CPU.Build.0 = Debug|Any CPU
		{DC7C2E15-02AA-4510-982A-82EACB270B4F}.Release|Any CPU.ActiveCfg = Release|Any CPU
		{DC7C2E15-02AA-4510-982A-82EACB270B4F}.Release|Any CPU.Build.0 = Release|Any CPU
	EndGlobalSection
	GlobalSection(SolutionProperties) = preSolution
		HideSolutionNode = FALSE
	EndGlobalSection
	GlobalSection(ExtensibilityGlobals) = postSolution
		SolutionGuid = {92C8C085-58D8-4206-9752-08CA0C7F3707}
	EndGlobalSection
EndGlobal
